
Microsoft Visual Studio Solution File, Format Version 12.00
# Visual Studio Version 16
VisualStudioVersion = 16.0.30804.86
MinimumVisualStudioVersion = 10.0.40219.1
Project("{FAE04EC0-301F-11D3-BF4B-00C04F79EFBC}") = "ClientesBlazorApp", "ClientesBlazorApp\ClientesBlazorApp.csproj", "{70287017-2760-41CF-B12A-FAF7D2280622}"
EndProject
Project("{FAE04EC0-301F-11D3-BF4B-00C04F79EFBC}") = "ClientesBlazorAPI", "ClientesBlazorAPI\ClientesBlazorAPI.csproj", "{420CAE7B-2750-47C9-85F2-ECD0857B1A18}"
EndProject
Global
	GlobalSection(SolutionConfigurationPlatforms) = preSolution
		Debug|Any CPU = Debug|Any CPU
		Release|Any CPU = Release|Any CPU
	EndGlobalSection
	GlobalSection(ProjectConfigurationPlatforms) = postSolution
		{70287017-2760-41CF-B12A-FAF7D2280622}.Debug|Any CPU.ActiveCfg = Debug|Any CPU
		{70287017-2760-41CF-B12A-FAF7D2280622}.Debug|Any CPU.Build.0 = Debug|Any CPU
		{70287017-2760-41CF-B12A-FAF7D2280622}.Release|Any CPU.ActiveCfg = Release|Any CPU
		{70287017-2760-41CF-B12A-FAF7D2280622}.Release|Any CPU.Build.0 = Release|Any CPU
		{420CAE7B-2750-47C9-85F2-ECD0857B1A18}.Debug|Any CPU.ActiveCfg = Debug|Any CPU
		{420CAE7B-2750-47C9-85F2-ECD0857B1A18}.Debug|Any CPU.Build.0 = Debug|Any CPU
		{420CAE7B-2750-47C9-85F2-ECD0857B1A18}.Release|Any CPU.ActiveCfg = Release|Any CPU
		{420CAE7B-2750-47C9-85F2-ECD0857B1A18}.Release|Any CPU.Build.0 = Release|Any CPU
	EndGlobalSection
	GlobalSection(SolutionProperties) = preSolution
		HideSolutionNode = FALSE
	EndGlobalSection
	GlobalSection(ExtensibilityGlobals) = postSolution
		SolutionGuid = {F73BE9A7-FF1E-41C0-BBAB-ADC44926446B}
	EndGlobalSection
EndGlobal
